
Microsoft Visual Studio Solution File, Format Version 12.00
# Visual Studio Version 17
VisualStudioVersion = 17.6.33829.357
MinimumVisualStudioVersion = 10.0.40219.1
Project("{9A19103F-16F7-4668-BE54-9A1E7A4F7556}") = "Bookstore", "Bookstore\Bookstore.csproj", "{8E895187-D3B6-4D48-8929-3007356B2C83}"
EndProject
Project("{9A19103F-16F7-4668-BE54-9A1E7A4F7556}") = "Bookstore.UnitTests", "Bookstore.UnitTests\Bookstore.UnitTests.csproj", "{0A120512-6947-4F0E-A76C-ED210D6D9F31}"
EndProject
Project("{9A19103F-16F7-4668-BE54-9A1E7A4F7556}") = "Bookstore.Database", "Bookstore.Database\Bookstore.Database.csproj", "{440CEDD7-C44A-4EC9-837F-6787F9DA6907}"
EndProject
Project("{FAE04EC0-301F-11D3-BF4B-00C04F79EFBC}") = "Bookstore.IntegrationTests", "Bookstore.IntegrationTests\Bookstore.IntegrationTests.csproj", "{03FC84A7-1D86-4C73-A480-09F3C707BA4C}"
EndProject
Global
	GlobalSection(SolutionConfigurationPlatforms) = preSolution
		Debug|Any CPU = Debug|Any CPU
		Release|Any CPU = Release|Any CPU
	EndGlobalSection
	GlobalSection(ProjectConfigurationPlatforms) = postSolution
		{8E895187-D3B6-4D48-8929-3007356B2C83}.Debug|Any CPU.ActiveCfg = Debug|Any CPU
		{8E895187-D3B6-4D48-8929-3007356B2C83}.Debug|Any CPU.Build.0 = Debug|Any CPU
		{8E895187-D3B6-4D48-8929-3007356B2C83}.Release|Any CPU.ActiveCfg = Release|Any CPU
		{8E895187-D3B6-4D48-8929-3007356B2C83}.Release|Any CPU.Build.0 = Release|Any CPU
		{0A120512-6947-4F0E-A76C-ED210D6D9F31}.Debug|Any CPU.ActiveCfg = Debug|Any CPU
		{0A120512-6947-4F0E-A76C-ED210D6D9F31}.Debug|Any CPU.Build.0 = Debug|Any CPU
		{0A120512-6947-4F0E-A76C-ED210D6D9F31}.Release|Any CPU.ActiveCfg = Release|Any CPU
		{0A120512-6947-4F0E-A76C-ED210D6D9F31}.Release|Any CPU.Build.0 = Release|Any CPU
		{440CEDD7-C44A-4EC9-837F-6787F9DA6907}.Debug|Any CPU.ActiveCfg = Debug|Any CPU
		{440CEDD7-C44A-4EC9-837F-6787F9DA6907}.Debug|Any CPU.Build.0 = Debug|Any CPU
		{440CEDD7-C44A-4EC9-837F-6787F9DA6907}.Release|Any CPU.ActiveCfg = Release|Any CPU
		{440CEDD7-C44A-4EC9-837F-6787F9DA6907}.Release|Any CPU.Build.0 = Release|Any CPU
		{03FC84A7-1D86-4C73-A480-09F3C707BA4C}.Debug|Any CPU.ActiveCfg = Debug|Any CPU
		{03FC84A7-1D86-4C73-A480-09F3C707BA4C}.Debug|Any CPU.Build.0 = Debug|Any CPU
		{03FC84A7-1D86-4C73-A480-09F3C707BA4C}.Release|Any CPU.ActiveCfg = Release|Any CPU
		{03FC84A7-1D86-4C73-A480-09F3C707BA4C}.Release|Any CPU.Build.0 = Release|Any CPU
	EndGlobalSection
	GlobalSection(SolutionProperties) = preSolution
		HideSolutionNode = FALSE
	EndGlobalSection
	GlobalSection(ExtensibilityGlobals) = postSolution
		SolutionGuid = {8F5E2441-CAC3-4C86-ABB7-06A3077AA470}
	EndGlobalSection
EndGlobal
